
Microsoft Visual Studio Solution File, Format Version 12.00
# Visual Studio 14
VisualStudioVersion = 14.0.25420.1
MinimumVisualStudioVersion = 10.0.40219.1
Project("{FAE04EC0-301F-11D3-BF4B-00C04F79EFBC}") = "EspFirmwareFlasher", "EspFirmwareFlasher.csproj", "{DCF24265-C979-4573-BF3B-05BE35429DD1}"
EndProject
Global
	GlobalSection(SolutionConfigurationPlatforms) = preSolution
		Debug|Any CPU = Debug|Any CPU
		Release|Any CPU = Release|Any CPU
	EndGlobalSection
	GlobalSection(ProjectConfigurationPlatforms) = postSolution
		{DCF24265-C979-4573-BF3B-05BE35429DD1}.Debug|Any CPU.ActiveCfg = Debug|Any CPU
		{DCF24265-C979-4573-BF3B-05BE35429DD1}.Debug|Any CPU.Build.0 = Debug|Any CPU
		{DCF24265-C979-4573-BF3B-05BE35429DD1}.Release|Any CPU.ActiveCfg = Release|Any CPU
		{DCF24265-C979-4573-BF3B-05BE35429DD1}.Release|Any CPU.Build.0 = Release|Any CPU
	EndGlobalSection
	GlobalSection(SolutionProperties) = preSolution
		HideSolutionNode = FALSE
	EndGlobalSection
	GlobalSection(ExtensibilityGlobals) = postSolution
		SolutionGuid = {E2AD78E4-47FA-4E0B-9A60-3CCAEDAB0863}
	EndGlobalSection
EndGlobal
