
Microsoft Visual Studio Solution File, Format Version 12.00
# Visual Studio 15
VisualStudioVersion = 15.0.26127.3
MinimumVisualStudioVersion = 10.0.40219.1
Project("{FAE04EC0-301F-11D3-BF4B-00C04F79EFBC}") = "GitHubDcoCheck", "GitHubDcoCheck.csproj", "{7691D9BF-56BD-424C-9B0E-65A54E12AE0C}"
EndProject
Global
	GlobalSection(SolutionConfigurationPlatforms) = preSolution
		Debug|Any CPU = Debug|Any CPU
		Release|Any CPU = Release|Any CPU
	EndGlobalSection
	GlobalSection(ProjectConfigurationPlatforms) = postSolution
		{7691D9BF-56BD-424C-9B0E-65A54E12AE0C}.Debug|Any CPU.ActiveCfg = Debug|Any CPU
		{7691D9BF-56BD-424C-9B0E-65A54E12AE0C}.Debug|Any CPU.Build.0 = Debug|Any CPU
		{7691D9BF-56BD-424C-9B0E-65A54E12AE0C}.Release|Any CPU.ActiveCfg = Release|Any CPU
		{7691D9BF-56BD-424C-9B0E-65A54E12AE0C}.Release|Any CPU.Build.0 = Release|Any CPU
	EndGlobalSection
	GlobalSection(SolutionProperties) = preSolution
		HideSolutionNode = FALSE
	EndGlobalSection
EndGlobal
