
Microsoft Visual Studio Solution File, Format Version 12.00
# Visual Studio 15
VisualStudioVersion = 15.0.28010.2003
MinimumVisualStudioVersion = 10.0.40219.1
Project("{9A19103F-16F7-4668-BE54-9A1E7A4F7556}") = "NanoFramework-GitHubBot", "NanoFramework-GitHubBot.csproj", "{3F88E170-1878-4C57-97F1-CC6E36BA26CE}"
EndProject
Global
	GlobalSection(SolutionConfigurationPlatforms) = preSolution
		Debug|Any CPU = Debug|Any CPU
		Release|Any CPU = Release|Any CPU
	EndGlobalSection
	GlobalSection(ProjectConfigurationPlatforms) = postSolution
		{3F88E170-1878-4C57-97F1-CC6E36BA26CE}.Debug|Any CPU.ActiveCfg = Debug|Any CPU
		{3F88E170-1878-4C57-97F1-CC6E36BA26CE}.Debug|Any CPU.Build.0 = Debug|Any CPU
		{3F88E170-1878-4C57-97F1-CC6E36BA26CE}.Release|Any CPU.ActiveCfg = Release|Any CPU
		{3F88E170-1878-4C57-97F1-CC6E36BA26CE}.Release|Any CPU.Build.0 = Release|Any CPU
	EndGlobalSection
	GlobalSection(SolutionProperties) = preSolution
		HideSolutionNode = FALSE
	EndGlobalSection
	GlobalSection(ExtensibilityGlobals) = postSolution
		SolutionGuid = {F608CF60-2C47-4B4E-89F7-F6A544D69310}
	EndGlobalSection
EndGlobal
