
Microsoft Visual Studio Solution File, Format Version 12.00
# Visual Studio Version 17
VisualStudioVersion = 17.6.33723.286
MinimumVisualStudioVersion = 10.0.40219.1
Project("{9A19103F-16F7-4668-BE54-9A1E7A4F7556}") = "NanoProfiler", "NanoProfiler.csproj", "{65353E75-8456-45E2-BF2A-C39877CFECD7}"
EndProject
Project("{FAE04EC0-301F-11D3-BF4B-00C04F79EFBC}") = "NanoProfiler.Themes", "..\NanoProfiler.Themes\NanoProfiler.Themes.csproj", "{E0A1C848-A666-4EEE-847C-8DB21C631631}"
EndProject
Global
	GlobalSection(SolutionConfigurationPlatforms) = preSolution
		Debug|Any CPU = Debug|Any CPU
		Release|Any CPU = Release|Any CPU
	EndGlobalSection
	GlobalSection(ProjectConfigurationPlatforms) = postSolution
		{65353E75-8456-45E2-BF2A-C39877CFECD7}.Debug|Any CPU.ActiveCfg = Debug|Any CPU
		{65353E75-8456-45E2-BF2A-C39877CFECD7}.Debug|Any CPU.Build.0 = Debug|Any CPU
		{65353E75-8456-45E2-BF2A-C39877CFECD7}.Release|Any CPU.ActiveCfg = Release|Any CPU
		{65353E75-8456-45E2-BF2A-C39877CFECD7}.Release|Any CPU.Build.0 = Release|Any CPU
		{E0A1C848-A666-4EEE-847C-8DB21C631631}.Debug|Any CPU.ActiveCfg = Debug|Any CPU
		{E0A1C848-A666-4EEE-847C-8DB21C631631}.Debug|Any CPU.Build.0 = Debug|Any CPU
		{E0A1C848-A666-4EEE-847C-8DB21C631631}.Release|Any CPU.ActiveCfg = Release|Any CPU
		{E0A1C848-A666-4EEE-847C-8DB21C631631}.Release|Any CPU.Build.0 = Release|Any CPU
	EndGlobalSection
	GlobalSection(SolutionProperties) = preSolution
		HideSolutionNode = FALSE
	EndGlobalSection
	GlobalSection(ExtensibilityGlobals) = postSolution
		SolutionGuid = {BE52ED5B-E24E-4247-9CB0-14048FD67308}
	EndGlobalSection
EndGlobal
