Microsoft Visual Studio Solution File, Format Version 12.00
# Visual Studio Version 17
VisualStudioVersion = 17.6.33723.286
MinimumVisualStudioVersion = 10.0.40219.1
Project("{9A19103F-16F7-4668-BE54-9A1E7A4F7556}") = "MFProfiler", "MFProfiler.csproj", "{A9351D9B-872B-455D-85D6-E672B3F3FACD}"
EndProject
Global
	GlobalSection(SolutionConfigurationPlatforms) = preSolution
		Debug|Any CPU = Debug|Any CPU
		Debug|x86 = Debug|x86
		Release|Any CPU = Release|Any CPU
		Release|x86 = Release|x86
	EndGlobalSection
	GlobalSection(ProjectConfigurationPlatforms) = postSolution
		{A9351D9B-872B-455D-85D6-E672B3F3FACD}.Debug|Any CPU.ActiveCfg = Debug|Any CPU
		{A9351D9B-872B-455D-85D6-E672B3F3FACD}.Debug|Any CPU.Build.0 = Debug|Any CPU
		{A9351D9B-872B-455D-85D6-E672B3F3FACD}.Debug|x86.ActiveCfg = Debug|Any CPU
		{A9351D9B-872B-455D-85D6-E672B3F3FACD}.Debug|x86.Build.0 = Debug|Any CPU
		{A9351D9B-872B-455D-85D6-E672B3F3FACD}.Release|Any CPU.ActiveCfg = Release|x86
		{A9351D9B-872B-455D-85D6-E672B3F3FACD}.Release|Any CPU.Build.0 = Release|x86
		{A9351D9B-872B-455D-85D6-E672B3F3FACD}.Release|x86.ActiveCfg = Release|x86
		{A9351D9B-872B-455D-85D6-E672B3F3FACD}.Release|x86.Build.0 = Release|x86
	EndGlobalSection
	GlobalSection(SolutionProperties) = preSolution
		HideSolutionNode = FALSE
	EndGlobalSection
	GlobalSection(ExtensibilityGlobals) = postSolution
		SolutionGuid = {9F7D7ACF-8541-4CC3-B549-933A510A10A0}
	EndGlobalSection
EndGlobal
