# Copyright (c) .NET Foundation and Contributors
# See LICENSE file in the project root for full license information.
name: Check if package.lock file(s) exists

on:
  workflow_call:
    inputs:
      solution_location:
        required: false
        default: .
        type: string
      solution:
        required: false
        type: string
        default: '*.sln'

jobs:
  check_package_lock_file:
    name: package.lock exists
    timeout-minutes: 5
    runs-on: windows-latest

    steps:
      - name: Checkout
        uses: actions/checkout@v4

      - uses: nuget/setup-nuget@v1
        with:
          nuget-version: '>=6.2'
          
      - name: Find packages folder
        env:
          solution_location:  ${{ inputs.solution_location }}
          solution:  ${{ inputs.solution }}
        run: |
          # echo "Searching at: ${{ env.solution_location }}"
          $projectList = (Get-ChildItem -Path "${{ env.solution_location }}" -Include '*.nfproj' -Recurse)

          if($projectList.Count -eq 0)
          {
            Write-Host "🛑 No nfproj files found! 🛑 "
            exit 1
          }
          else
          {
            $lockFileMissing = $false
          }

          # find solution
          $solution = (Get-ChildItem -Path "${{ env.solution }}")

          if($solution.Count -eq 0)
          {
            Write-Host "🛑 Couldn't find the solution file! 🛑 "
            exit 1
          }
          elseif($solution.Count -gt 1)
          {
            Write-Host "🛑 Found more than one solution file! 🛑 "
            exit 1
          }
          else
          {
            $solution = $solution[0]
          }

          # get solution file content
          $slnFilecontent = Get-Content((Get-ChildItem -Path "$solution"))

          foreach($project in $projectList) 
          {
            # echo "Checking: "$project.FullName
           
            $projectInSolution = ($slnFilecontent | Select-String -Pattern $project.Name).Matches.Success
            
            # only check if project is in solution
            if($projectInSolution)
            {
              $nfprojLocation = $project.Directory.FullName
              if(-Not(Test-Path -Path "$nfprojLocation\packages.lock.json" -PathType Leaf))
              {
                  # echo "Missing packages.lock.json"
                  $lockFileMissing = $lockFileMissing -xor $true
                  $lockFileMissingCollection += "$nfprojLocation\packages.lock.json`r`n"
              }
            }
          }

          if($lockFileMissing)
          {
                echo "⚠️ Some packages.lock.json are missing ⚠️"
                echo $lockFileMissingCollection
                echo "`r`n"
                echo "Please run: 'nuget restore -UseLockFile' in the solution folder"
                echo "Make sure you're using nuget CLI version >= 6.2"
                exit 1
          }
          else
          {
                echo "✅ Found packages.lock.json for all projects"
          }
        shell: pwsh
